// !$*UTF8*$!
{
	archiveVersion = 1;
	classes = {
	};
	objectVersion = 50;
	objects = {

/* Begin PBXBuildFile section */
		883D9EB721B13A1B00F080BC /* AppDelegate.m in Sources */ = {isa = PBXBuildFile; fileRef = 883D9EB621B13A1B00F080BC /* AppDelegate.m */; };
		883D9EBA21B13A1B00F080BC /* ViewController.m in Sources */ = {isa = PBXBuildFile; fileRef = 883D9EB921B13A1B00F080BC /* ViewController.m */; };
		883D9EBD21B13A1B00F080BC /* Main.storyboard in Resources */ = {isa = PBXBuildFile; fileRef = 883D9EBB21B13A1B00F080BC /* Main.storyboard */; };
		883D9EBF21B13A1B00F080BC /* Assets.xcassets in Resources */ = {isa = PBXBuildFile; fileRef = 883D9EBE21B13A1B00F080BC /* Assets.xcassets */; };
		883D9EC221B13A1B00F080BC /* LaunchScreen.storyboard in Resources */ = {isa = PBXBuildFile; fileRef = 883D9EC021B13A1B00F080BC /* LaunchScreen.storyboard */; };
		883D9EC521B13A1B00F080BC /* main.m in Sources */ = {isa = PBXBuildFile; fileRef = 883D9EC421B13A1B00F080BC /* main.m */; };
		883D9ECD21B13ADE00F080BC /* NSObject+Test.m in Sources */ = {isa = PBXBuildFile; fileRef = 883D9ECC21B13ADE00F080BC /* NSObject+Test.m */; };
/* End PBXBuildFile section */

/* Begin PBXFileReference section */
		883D9EB221B13A1B00F080BC /* AssociationDemo.app */ = {isa = PBXFileReference; explicitFileType = wrapper.application; includeInIndex = 0; path = AssociationDemo.app; sourceTree = BUILT_PRODUCTS_DIR; };
		883D9EB521B13A1B00F080BC /* AppDelegate.h */ = {isa = PBXFileReference; lastKnownFileType = sourcecode.c.h; path = AppDelegate.h; sourceTree = "<group>"; };
		883D9EB621B13A1B00F080BC /* AppDelegate.m */ = {isa = PBXFileReference; lastKnownFileType = sourcecode.c.objc; path = AppDelegate.m; sourceTree = "<group>"; };
		883D9EB821B13A1B00F080BC /* ViewController.h */ = {isa = PBXFileReference; lastKnownFileType = sourcecode.c.h; path = ViewController.h; sourceTree = "<group>"; };
		883D9EB921B13A1B00F080BC /* ViewController.m */ = {isa = PBXFileReference; lastKnownFileType = sourcecode.c.objc; path = ViewController.m; sourceTree = "<group>"; };
		883D9EBC21B13A1B00F080BC /* Base */ = {isa = PBXFileReference; lastKnownFileType = file.storyboard; name = Base; path = Base.lproj/Main.storyboard; sourceTree = "<group>"; };
		883D9EBE21B13A1B00F080BC /* Assets.xcassets */ = {isa = PBXFileReference; lastKnownFileType = folder.assetcatalog; path = Assets.xcassets; sourceTree = "<group>"; };
		883D9EC121B13A1B00F080BC /* Base */ = {isa = PBXFileReference; lastKnownFileType = file.storyboard; name = Base; path = Base.lproj/LaunchScreen.storyboard; sourceTree = "<group>"; };
		883D9EC321B13A1B00F080BC /* Info.plist */ = {isa = PBXFileReference; lastKnownFileType = text.plist.xml; path = Info.plist; sourceTree = "<group>"; };
		883D9EC421B13A1B00F080BC /* main.m */ = {isa = PBXFileReference; lastKnownFileType = sourcecode.c.objc; path = main.m; sourceTree = "<group>"; };
		883D9ECB21B13ADE00F080BC /* NSObject+Test.h */ = {isa = PBXFileReference; lastKnownFileType = sourcecode.c.h; path = "NSObject+Test.h"; sourceTree = "<group>"; };
		883D9ECC21B13ADE00F080BC /* NSObject+Test.m */ = {isa = PBXFileReference; lastKnownFileType = sourcecode.c.objc; path = "NSObject+Test.m"; sourceTree = "<group>"; };
		883D9ECE21B13C6100F080BC /* NSObject+Test.cpp */ = {isa = PBXFileReference; lastKnownFileType = sourcecode.cpp.cpp; path = "NSObject+Test.cpp"; sourceTree = "<group>"; };
/* End PBXFileReference section */

/* Begin PBXFrameworksBuildPhase section */
		883D9EAF21B13A1B00F080BC /* Frameworks */ = {
			isa = PBXFrameworksBuildPhase;
			buildActionMask = 2147483647;
			files = (
			);
			runOnlyForDeploymentPostprocessing = 0;
		};
/* End PBXFrameworksBuildPhase section */

/* Begin PBXGroup section */
		883D9EA921B13A1B00F080BC = {
			isa = PBXGroup;
			children = (
				883D9EB421B13A1B00F080BC /* AssociationDemo */,
				883D9EB321B13A1B00F080BC /* Products */,
			);
			sourceTree = "<group>";
		};
		883D9EB321B13A1B00F080BC /* Products */ = {
			isa = PBXGroup;
			children = (
				883D9EB221B13A1B00F080BC /* AssociationDemo.app */,
			);
			name = Products;
			sourceTree = "<group>";
		};
		883D9EB421B13A1B00F080BC /* AssociationDemo */ = {
			isa = PBXGroup;
			children = (
				883D9EB521B13A1B00F080BC /* AppDelegate.h */,
				883D9EB621B13A1B00F080BC /* AppDelegate.m */,
				883D9EB821B13A1B00F080BC /* ViewController.h */,
				883D9EB921B13A1B00F080BC /* ViewController.m */,
				883D9ECB21B13ADE00F080BC /* NSObject+Test.h */,
				883D9ECC21B13ADE00F080BC /* NSObject+Test.m */,
				883D9ECE21B13C6100F080BC /* NSObject+Test.cpp */,
				883D9EBB21B13A1B00F080BC /* Main.storyboard */,
				883D9EBE21B13A1B00F080BC /* Assets.xcassets */,
				883D9EC021B13A1B00F080BC /* LaunchScreen.storyboard */,
				883D9EC321B13A1B00F080BC /* Info.plist */,
				883D9EC421B13A1B00F080BC /* main.m */,
			);
			path = AssociationDemo;
			sourceTree = "<group>";
		};
/* End PBXGroup section */

/* Begin PBXNativeTarget section */
		883D9EB121B13A1B00F080BC /* AssociationDemo */ = {
			isa = PBXNativeTarget;
			buildConfigurationList = 883D9EC821B13A1B00F080BC /* Build configuration list for PBXNativeTarget "AssociationDemo" */;
			buildPhases = (
				883D9EAE21B13A1B00F080BC /* Sources */,
				883D9EAF21B13A1B00F080BC /* Frameworks */,
				883D9EB021B13A1B00F080BC /* Resources */,
			);
			buildRules = (
			);
			dependencies = (
			);
			name = AssociationDemo;
			productName = AssociationDemo;
			productReference = 883D9EB221B13A1B00F080BC /* AssociationDemo.app */;
			productType = "com.apple.product-type.application";
		};
/* End PBXNativeTarget section */

/* Begin PBXProject section */
		883D9EAA21B13A1B00F080BC /* Project object */ = {
			isa = PBXProject;
			attributes = {
				LastUpgradeCheck = 1010;
				ORGANIZATIONNAME = xygj;
				TargetAttributes = {
					883D9EB121B13A1B00F080BC = {
						CreatedOnToolsVersion = 10.1;
					};
				};
			};
			buildConfigurationList = 883D9EAD21B13A1B00F080BC /* Build configuration list for PBXProject "AssociationDemo" */;
			compatibilityVersion = "Xcode 9.3";
			developmentRegion = en;
			hasScannedForEncodings = 0;
			knownRegions = (
				en,
				Base,
			);
			mainGroup = 883D9EA921B13A1B00F080BC;
			productRefGroup = 883D9EB321B13A1B00F080BC /* Products */;
			projectDirPath = "";
			projectRoot = "";
			targets = (
				883D9EB121B13A1B00F080BC /* AssociationDemo */,
			);
		};
/* End PBXProject section */

/* Begin PBXResourcesBuildPhase section */
		883D9EB021B13A1B00F080BC /* Resources */ = {
			isa = PBXResourcesBuildPhase;
			buildActionMask = 2147483647;
			files = (
				883D9EC221B13A1B00F080BC /* LaunchScreen.storyboard in Resources */,
				883D9EBF21B13A1B00F080BC /* Assets.xcassets in Resources */,
				883D9EBD21B13A1B00F080BC /* Main.storyboard in Resources */,
			);
			runOnlyForDeploymentPostprocessing = 0;
		};
/* End PBXResourcesBuildPhase section */

/* Begin PBXSourcesBuildPhase section */
		883D9EAE21B13A1B00F080BC /* Sources */ = {
			isa = PBXSourcesBuildPhase;
			buildActionMask = 2147483647;
			files = (
				883D9EBA21B13A1B00F080BC /* ViewController.m in Sources */,
				883D9ECD21B13ADE00F080BC /* NSObject+Test.m in Sources */,
				883D9EC521B13A1B00F080BC /* main.m in Sources */,
				883D9EB721B13A1B00F080BC /* AppDelegate.m in Sources */,
			);
			runOnlyForDeploymentPostprocessing = 0;
		};
/* End PBXSourcesBuildPhase section */

/* Begin PBXVariantGroup section */
		883D9EBB21B13A1B00F080BC /* Main.storyboard */ = {
			isa = PBXVariantGroup;
			children = (
				883D9EBC21B13A1B00F080BC /* Base */,
			);
			name = Main.storyboard;
			sourceTree = "<group>";
		};
		883D9EC021B13A1B00F080BC /* LaunchScreen.storyboard */ = {
			isa = PBXVariantGroup;
			children = (
				883D9EC121B13A1B00F080BC /* Base */,
			);
			name = LaunchScreen.storyboard;
			sourceTree = "<group>";
		};
/* End PBXVariantGroup section */

/* Begin XCBuildConfiguration section */
		883D9EC621B13A1B00F080BC /* Debug */ = {
			isa = XCBuildConfiguration;
			buildSettings = {
				ALWAYS_SEARCH_USER_PATHS = NO;
				CLANG_ANALYZER_NONNULL = YES;
				CLANG_ANALYZER_NUMBER_OBJECT_CONVERSION = YES_AGGRESSIVE;
				CLANG_CXX_LANGUAGE_STANDARD = "gnu++14";
				CLANG_CXX_LIBRARY = "libc++";
				CLANG_ENABLE_MODULES = YES;
				CLANG_ENABLE_OBJC_ARC = YES;
				CLANG_ENABLE_OBJC_WEAK = YES;
				CLANG_WARN_BLOCK_CAPTURE_AUTORELEASING = YES;
				CLANG_WARN_BOOL_CONVERSION = YES;
				CLANG_WARN_COMMA = YES;
				CLANG_WARN_CONSTANT_CONVERSION = YES;
				CLANG_WARN_DEPRECATED_OBJC_IMPLEMENTATIONS = YES;
				CLANG_WARN_DIRECT_OBJC_ISA_USAGE = YES_ERROR;
				CLANG_WARN_DOCUMENTATION_COMMENTS = YES;
				CLANG_WARN_EMPTY_BODY = YES;
				CLANG_WARN_ENUM_CONVERSION = YES;
				CLANG_WARN_INFINITE_RECURSION = YES;
				CLANG_WARN_INT_CONVERSION = YES;
				CLANG_WARN_NON_LITERAL_NULL_CONVERSION = YES;
				CLANG_WARN_OBJC_IMPLICIT_RETAIN_SELF = YES;
				CLANG_WARN_OBJC_LITERAL_CONVERSION = YES;
				CLANG_WARN_OBJC_ROOT_CLASS = YES_ERROR;
				CLANG_WARN_RANGE_LOOP_ANALYSIS = YES;
				CLANG_WARN_STRICT_PROTOTYPES = YES;
				CLANG_WARN_SUSPICIOUS_MOVE = YES;
				CLANG_WARN_UNGUARDED_AVAILABILITY = YES_AGGRESSIVE;
				CLANG_WARN_UNREACHABLE_CODE = YES;
				CLANG_WARN__DUPLICATE_METHOD_MATCH = YES;
				CODE_SIGN_IDENTITY = "iPhone Developer";
				COPY_PHASE_STRIP = NO;
				DEBUG_INFORMATION_FORMAT = dwarf;
				ENABLE_STRICT_OBJC_MSGSEND = YES;
				ENABLE_TESTABILITY = YES;
				GCC_C_LANGUAGE_STANDARD = gnu11;
				GCC_DYNAMIC_NO_PIC = NO;
				GCC_NO_COMMON_BLOCKS = YES;
				GCC_OPTIMIZATION_LEVEL = 0;
				GCC_PREPROCESSOR_DEFINITIONS = (
					"DEBUG=1",
					"$(inherited)",
				);
				GCC_WARN_64_TO_32_BIT_CONVERSION = YES;
				GCC_WARN_ABOUT_RETURN_TYPE = YES_ERROR;
				GCC_WARN_UNDECLARED_SELECTOR = YES;
				GCC_WARN_UNINITIALIZED_AUTOS = YES_AGGRESSIVE;
				GCC_WARN_UNUSED_FUNCTION = YES;
				GCC_WARN_UNUSED_VARIABLE = YES;
				IPHONEOS_DEPLOYMENT_TARGET = 12.1;
				MTL_ENABLE_DEBUG_INFO = INCLUDE_SOURCE;
				MTL_FAST_MATH = YES;
				ONLY_ACTIVE_ARCH = YES;
				SDKROOT = iphoneos;
			};
			name = Debug;
		};
		883D9EC721B13A1B00F080BC /* Release */ = {
			isa = XCBuildConfiguration;
			buildSettings = {
				ALWAYS_SEARCH_USER_PATHS = NO;
				CLANG_ANALYZER_NONNULL = YES;
				CLANG_ANALYZER_NUMBER_OBJECT_CONVERSION = YES_AGGRESSIVE;
				CLANG_CXX_LANGUAGE_STANDARD = "gnu++14";
				CLANG_CXX_LIBRARY = "libc++";
				CLANG_ENABLE_MODULES = YES;
				CLANG_ENABLE_OBJC_ARC = YES;
				CLANG_ENABLE_OBJC_WEAK = YES;
				CLANG_WARN_BLOCK_CAPTURE_AUTORELEASING = YES;
				CLANG_WARN_BOOL_CONVERSION = YES;
				CLANG_WARN_COMMA = YES;
				CLANG_WARN_CONSTANT_CONVERSION = YES;
				CLANG_WARN_DEPRECATED_OBJC_IMPLEMENTATIONS = YES;
				CLANG_WARN_DIRECT_OBJC_ISA_USAGE = YES_ERROR;
				CLANG_WARN_DOCUMENTATION_COMMENTS = YES;
				CLANG_WARN_EMPTY_BODY = YES;
				CLANG_WARN_ENUM_CONVERSION = YES;
				CLANG_WARN_INFINITE_RECURSION = YES;
				CLANG_WARN_INT_CONVERSION = YES;
				CLANG_WARN_NON_LITERAL_NULL_CONVERSION = YES;
				CLANG_WARN_OBJC_IMPLICIT_RETAIN_SELF = YES;
				CLANG_WARN_OBJC_LITERAL_CONVERSION = YES;
				CLANG_WARN_OBJC_ROOT_CLASS = YES_ERROR;
				CLANG_WARN_RANGE_LOOP_ANALYSIS = YES;
				CLANG_WARN_STRICT_PROTOTYPES = YES;
				CLANG_WARN_SUSPICIOUS_MOVE = YES;
				CLANG_WARN_UNGUARDED_AVAILABILITY = YES_AGGRESSIVE;
				CLANG_WARN_UNREACHABLE_CODE = YES;
				CLANG_WARN__DUPLICATE_METHOD_MATCH = YES;
				CODE_SIGN_IDENTITY = "iPhone Developer";
				COPY_PHASE_STRIP = NO;
				DEBUG_INFORMATION_FORMAT = "dwarf-with-dsym";
				ENABLE_NS_ASSERTIONS = NO;
				ENABLE_STRICT_OBJC_MSGSEND = YES;
				GCC_C_LANGUAGE_STANDARD = gnu11;
				GCC_NO_COMMON_BLOCKS = YES;
				GCC_WARN_64_TO_32_BIT_CONVERSION = YES;
				GCC_WARN_ABOUT_RETURN_TYPE = YES_ERROR;
				GCC_WARN_UNDECLARED_SELECTOR = YES;
				GCC_WARN_UNINITIALIZED_AUTOS = YES_AGGRESSIVE;
				GCC_WARN_UNUSED_FUNCTION = YES;
				GCC_WARN_UNUSED_VARIABLE = YES;
				IPHONEOS_DEPLOYMENT_TARGET = 12.1;
				MTL_ENABLE_DEBUG_INFO = NO;
				MTL_FAST_MATH = YES;
				SDKROOT = iphoneos;
				VALIDATE_PRODUCT = YES;
			};
			name = Release;
		};
		883D9EC921B13A1B00F080BC /* Debug */ = {
			isa = XCBuildConfiguration;
			buildSettings = {
				ASSETCATALOG_COMPILER_APPICON_NAME = AppIcon;
				CODE_SIGN_STYLE = Automatic;
				INFOPLIST_FILE = AssociationDemo/Info.plist;
				LD_RUNPATH_SEARCH_PATHS = (
					"$(inherited)",
					"@executable_path/Frameworks",
				);
				PRODUCT_BUNDLE_IDENTIFIER = com.nbapi.testttt.AssociationDemo;
				PRODUCT_NAME = "$(TARGET_NAME)";
				TARGETED_DEVICE_FAMILY = "1,2";
			};
			name = Debug;
		};
		883D9ECA21B13A1B00F080BC /* Release */ = {
			isa = XCBuildConfiguration;
			buildSettings = {
				ASSETCATALOG_COMPILER_APPICON_NAME = AppIcon;
				CODE_SIGN_STYLE = Automatic;
				INFOPLIST_FILE = AssociationDemo/Info.plist;
				LD_RUNPATH_SEARCH_PATHS = (
					"$(inherited)",
					"@executable_path/Frameworks",
				);
				PRODUCT_BUNDLE_IDENTIFIER = com.nbapi.testttt.AssociationDemo;
				PRODUCT_NAME = "$(TARGET_NAME)";
				TARGETED_DEVICE_FAMILY = "1,2";
			};
			name = Release;
		};
/* End XCBuildConfiguration section */

/* Begin XCConfigurationList section */
		883D9EAD21B13A1B00F080BC /* Build configuration list for PBXProject "AssociationDemo" */ = {
			isa = XCConfigurationList;
			buildConfigurations = (
				883D9EC621B13A1B00F080BC /* Debug */,
				883D9EC721B13A1B00F080BC /* Release */,
			);
			defaultConfigurationIsVisible = 0;
			defaultConfigurationName = Release;
		};
		883D9EC821B13A1B00F080BC /* Build configuration list for PBXNativeTarget "AssociationDemo" */ = {
			isa = XCConfigurationList;
			buildConfigurations = (
				883D9EC921B13A1B00F080BC /* Debug */,
				883D9ECA21B13A1B00F080BC /* Release */,
			);
			defaultConfigurationIsVisible = 0;
			defaultConfigurationName = Release;
		};
/* End XCConfigurationList section */
	};
	rootObject = 883D9EAA21B13A1B00F080BC /* Project object */;
}
