// !$*UTF8*$!
{
	archiveVersion = 1;
	classes = {
	};
	objectVersion = 50;
	objects = {

/* Begin PBXBuildFile section */
		88FD167B216C3997003862B0 /* AppDelegate.m in Sources */ = {isa = PBXBuildFile; fileRef = 88FD167A216C3997003862B0 /* AppDelegate.m */; };
		88FD167E216C3997003862B0 /* ViewController.m in Sources */ = {isa = PBXBuildFile; fileRef = 88FD167D216C3997003862B0 /* ViewController.m */; };
		88FD1681216C3997003862B0 /* Main.storyboard in Resources */ = {isa = PBXBuildFile; fileRef = 88FD167F216C3997003862B0 /* Main.storyboard */; };
		88FD1684216C3997003862B0 /* CoreDataDemo.xcdatamodeld in Sources */ = {isa = PBXBuildFile; fileRef = 88FD1682216C3997003862B0 /* CoreDataDemo.xcdatamodeld */; };
		88FD1686216C3998003862B0 /* Assets.xcassets in Resources */ = {isa = PBXBuildFile; fileRef = 88FD1685216C3998003862B0 /* Assets.xcassets */; };
		88FD1689216C3998003862B0 /* LaunchScreen.storyboard in Resources */ = {isa = PBXBuildFile; fileRef = 88FD1687216C3998003862B0 /* LaunchScreen.storyboard */; };
		88FD168C216C3998003862B0 /* main.m in Sources */ = {isa = PBXBuildFile; fileRef = 88FD168B216C3998003862B0 /* main.m */; };
		88FD1696216C3998003862B0 /* CoreDataDemoTests.m in Sources */ = {isa = PBXBuildFile; fileRef = 88FD1695216C3998003862B0 /* CoreDataDemoTests.m */; };
		88FD16A1216C3998003862B0 /* CoreDataDemoUITests.m in Sources */ = {isa = PBXBuildFile; fileRef = 88FD16A0216C3998003862B0 /* CoreDataDemoUITests.m */; };
		88FD1705216C7B66003862B0 /* City+CoreDataClass.m in Sources */ = {isa = PBXBuildFile; fileRef = 88FD1703216C7B66003862B0 /* City+CoreDataClass.m */; };
		88FD1706216C7B66003862B0 /* City+CoreDataProperties.m in Sources */ = {isa = PBXBuildFile; fileRef = 88FD1704216C7B66003862B0 /* City+CoreDataProperties.m */; };
/* End PBXBuildFile section */

/* Begin PBXContainerItemProxy section */
		88FD1692216C3998003862B0 /* PBXContainerItemProxy */ = {
			isa = PBXContainerItemProxy;
			containerPortal = 88FD166E216C3996003862B0 /* Project object */;
			proxyType = 1;
			remoteGlobalIDString = 88FD1675216C3997003862B0;
			remoteInfo = CoreDataDemo;
		};
		88FD169D216C3998003862B0 /* PBXContainerItemProxy */ = {
			isa = PBXContainerItemProxy;
			containerPortal = 88FD166E216C3996003862B0 /* Project object */;
			proxyType = 1;
			remoteGlobalIDString = 88FD1675216C3997003862B0;
			remoteInfo = CoreDataDemo;
		};
/* End PBXContainerItemProxy section */

/* Begin PBXFileReference section */
		88FD1676216C3997003862B0 /* CoreDataDemo.app */ = {isa = PBXFileReference; explicitFileType = wrapper.application; includeInIndex = 0; path = CoreDataDemo.app; sourceTree = BUILT_PRODUCTS_DIR; };
		88FD1679216C3997003862B0 /* AppDelegate.h */ = {isa = PBXFileReference; lastKnownFileType = sourcecode.c.h; path = AppDelegate.h; sourceTree = "<group>"; };
		88FD167A216C3997003862B0 /* AppDelegate.m */ = {isa = PBXFileReference; lastKnownFileType = sourcecode.c.objc; path = AppDelegate.m; sourceTree = "<group>"; };
		88FD167C216C3997003862B0 /* ViewController.h */ = {isa = PBXFileReference; lastKnownFileType = sourcecode.c.h; path = ViewController.h; sourceTree = "<group>"; };
		88FD167D216C3997003862B0 /* ViewController.m */ = {isa = PBXFileReference; lastKnownFileType = sourcecode.c.objc; path = ViewController.m; sourceTree = "<group>"; };
		88FD1680216C3997003862B0 /* Base */ = {isa = PBXFileReference; lastKnownFileType = file.storyboard; name = Base; path = Base.lproj/Main.storyboard; sourceTree = "<group>"; };
		88FD1683216C3997003862B0 /* CoreDataDemo.xcdatamodel */ = {isa = PBXFileReference; lastKnownFileType = wrapper.xcdatamodel; path = CoreDataDemo.xcdatamodel; sourceTree = "<group>"; };
		88FD1685216C3998003862B0 /* Assets.xcassets */ = {isa = PBXFileReference; lastKnownFileType = folder.assetcatalog; path = Assets.xcassets; sourceTree = "<group>"; };
		88FD1688216C3998003862B0 /* Base */ = {isa = PBXFileReference; lastKnownFileType = file.storyboard; name = Base; path = Base.lproj/LaunchScreen.storyboard; sourceTree = "<group>"; };
		88FD168A216C3998003862B0 /* Info.plist */ = {isa = PBXFileReference; lastKnownFileType = text.plist.xml; path = Info.plist; sourceTree = "<group>"; };
		88FD168B216C3998003862B0 /* main.m */ = {isa = PBXFileReference; lastKnownFileType = sourcecode.c.objc; path = main.m; sourceTree = "<group>"; };
		88FD1691216C3998003862B0 /* CoreDataDemoTests.xctest */ = {isa = PBXFileReference; explicitFileType = wrapper.cfbundle; includeInIndex = 0; path = CoreDataDemoTests.xctest; sourceTree = BUILT_PRODUCTS_DIR; };
		88FD1695216C3998003862B0 /* CoreDataDemoTests.m */ = {isa = PBXFileReference; lastKnownFileType = sourcecode.c.objc; path = CoreDataDemoTests.m; sourceTree = "<group>"; };
		88FD1697216C3998003862B0 /* Info.plist */ = {isa = PBXFileReference; lastKnownFileType = text.plist.xml; path = Info.plist; sourceTree = "<group>"; };
		88FD169C216C3998003862B0 /* CoreDataDemoUITests.xctest */ = {isa = PBXFileReference; explicitFileType = wrapper.cfbundle; includeInIndex = 0; path = CoreDataDemoUITests.xctest; sourceTree = BUILT_PRODUCTS_DIR; };
		88FD16A0216C3998003862B0 /* CoreDataDemoUITests.m */ = {isa = PBXFileReference; lastKnownFileType = sourcecode.c.objc; path = CoreDataDemoUITests.m; sourceTree = "<group>"; };
		88FD16A2216C3998003862B0 /* Info.plist */ = {isa = PBXFileReference; lastKnownFileType = text.plist.xml; path = Info.plist; sourceTree = "<group>"; };
		88FD1701216C7B66003862B0 /* City+CoreDataProperties.h */ = {isa = PBXFileReference; lastKnownFileType = sourcecode.c.h; path = "City+CoreDataProperties.h"; sourceTree = "<group>"; };
		88FD1702216C7B66003862B0 /* City+CoreDataClass.h */ = {isa = PBXFileReference; lastKnownFileType = sourcecode.c.h; path = "City+CoreDataClass.h"; sourceTree = "<group>"; };
		88FD1703216C7B66003862B0 /* City+CoreDataClass.m */ = {isa = PBXFileReference; lastKnownFileType = sourcecode.c.objc; path = "City+CoreDataClass.m"; sourceTree = "<group>"; };
		88FD1704216C7B66003862B0 /* City+CoreDataProperties.m */ = {isa = PBXFileReference; lastKnownFileType = sourcecode.c.objc; path = "City+CoreDataProperties.m"; sourceTree = "<group>"; };
/* End PBXFileReference section */

/* Begin PBXFrameworksBuildPhase section */
		88FD1673216C3997003862B0 /* Frameworks */ = {
			isa = PBXFrameworksBuildPhase;
			buildActionMask = 2147483647;
			files = (
			);
			runOnlyForDeploymentPostprocessing = 0;
		};
		88FD168E216C3998003862B0 /* Frameworks */ = {
			isa = PBXFrameworksBuildPhase;
			buildActionMask = 2147483647;
			files = (
			);
			runOnlyForDeploymentPostprocessing = 0;
		};
		88FD1699216C3998003862B0 /* Frameworks */ = {
			isa = PBXFrameworksBuildPhase;
			buildActionMask = 2147483647;
			files = (
			);
			runOnlyForDeploymentPostprocessing = 0;
		};
/* End PBXFrameworksBuildPhase section */

/* Begin PBXGroup section */
		88FD166D216C3996003862B0 = {
			isa = PBXGroup;
			children = (
				88FD1678216C3997003862B0 /* CoreDataDemo */,
				88FD1694216C3998003862B0 /* CoreDataDemoTests */,
				88FD169F216C3998003862B0 /* CoreDataDemoUITests */,
				88FD1677216C3997003862B0 /* Products */,
			);
			sourceTree = "<group>";
		};
		88FD1677216C3997003862B0 /* Products */ = {
			isa = PBXGroup;
			children = (
				88FD1676216C3997003862B0 /* CoreDataDemo.app */,
				88FD1691216C3998003862B0 /* CoreDataDemoTests.xctest */,
				88FD169C216C3998003862B0 /* CoreDataDemoUITests.xctest */,
			);
			name = Products;
			sourceTree = "<group>";
		};
		88FD1678216C3997003862B0 /* CoreDataDemo */ = {
			isa = PBXGroup;
			children = (
				88FD1701216C7B66003862B0 /* City+CoreDataProperties.h */,
				88FD1704216C7B66003862B0 /* City+CoreDataProperties.m */,
				88FD1702216C7B66003862B0 /* City+CoreDataClass.h */,
				88FD1703216C7B66003862B0 /* City+CoreDataClass.m */,
				88FD1679216C3997003862B0 /* AppDelegate.h */,
				88FD167A216C3997003862B0 /* AppDelegate.m */,
				88FD167C216C3997003862B0 /* ViewController.h */,
				88FD167D216C3997003862B0 /* ViewController.m */,
				88FD167F216C3997003862B0 /* Main.storyboard */,
				88FD1685216C3998003862B0 /* Assets.xcassets */,
				88FD1687216C3998003862B0 /* LaunchScreen.storyboard */,
				88FD168A216C3998003862B0 /* Info.plist */,
				88FD168B216C3998003862B0 /* main.m */,
				88FD1682216C3997003862B0 /* CoreDataDemo.xcdatamodeld */,
			);
			path = CoreDataDemo;
			sourceTree = "<group>";
		};
		88FD1694216C3998003862B0 /* CoreDataDemoTests */ = {
			isa = PBXGroup;
			children = (
				88FD1695216C3998003862B0 /* CoreDataDemoTests.m */,
				88FD1697216C3998003862B0 /* Info.plist */,
			);
			path = CoreDataDemoTests;
			sourceTree = "<group>";
		};
		88FD169F216C3998003862B0 /* CoreDataDemoUITests */ = {
			isa = PBXGroup;
			children = (
				88FD16A0216C3998003862B0 /* CoreDataDemoUITests.m */,
				88FD16A2216C3998003862B0 /* Info.plist */,
			);
			path = CoreDataDemoUITests;
			sourceTree = "<group>";
		};
/* End PBXGroup section */

/* Begin PBXNativeTarget section */
		88FD1675216C3997003862B0 /* CoreDataDemo */ = {
			isa = PBXNativeTarget;
			buildConfigurationList = 88FD16A5216C3998003862B0 /* Build configuration list for PBXNativeTarget "CoreDataDemo" */;
			buildPhases = (
				88FD1672216C3997003862B0 /* Sources */,
				88FD1673216C3997003862B0 /* Frameworks */,
				88FD1674216C3997003862B0 /* Resources */,
			);
			buildRules = (
			);
			dependencies = (
			);
			name = CoreDataDemo;
			productName = CoreDataDemo;
			productReference = 88FD1676216C3997003862B0 /* CoreDataDemo.app */;
			productType = "com.apple.product-type.application";
		};
		88FD1690216C3998003862B0 /* CoreDataDemoTests */ = {
			isa = PBXNativeTarget;
			buildConfigurationList = 88FD16A8216C3998003862B0 /* Build configuration list for PBXNativeTarget "CoreDataDemoTests" */;
			buildPhases = (
				88FD168D216C3998003862B0 /* Sources */,
				88FD168E216C3998003862B0 /* Frameworks */,
				88FD168F216C3998003862B0 /* Resources */,
			);
			buildRules = (
			);
			dependencies = (
				88FD1693216C3998003862B0 /* PBXTargetDependency */,
			);
			name = CoreDataDemoTests;
			productName = CoreDataDemoTests;
			productReference = 88FD1691216C3998003862B0 /* CoreDataDemoTests.xctest */;
			productType = "com.apple.product-type.bundle.unit-test";
		};
		88FD169B216C3998003862B0 /* CoreDataDemoUITests */ = {
			isa = PBXNativeTarget;
			buildConfigurationList = 88FD16AB216C3998003862B0 /* Build configuration list for PBXNativeTarget "CoreDataDemoUITests" */;
			buildPhases = (
				88FD1698216C3998003862B0 /* Sources */,
				88FD1699216C3998003862B0 /* Frameworks */,
				88FD169A216C3998003862B0 /* Resources */,
			);
			buildRules = (
			);
			dependencies = (
				88FD169E216C3998003862B0 /* PBXTargetDependency */,
			);
			name = CoreDataDemoUITests;
			productName = CoreDataDemoUITests;
			productReference = 88FD169C216C3998003862B0 /* CoreDataDemoUITests.xctest */;
			productType = "com.apple.product-type.bundle.ui-testing";
		};
/* End PBXNativeTarget section */

/* Begin PBXProject section */
		88FD166E216C3996003862B0 /* Project object */ = {
			isa = PBXProject;
			attributes = {
				LastUpgradeCheck = 1000;
				ORGANIZATIONNAME = xygj;
				TargetAttributes = {
					88FD1675216C3997003862B0 = {
						CreatedOnToolsVersion = 10.0;
					};
					88FD1690216C3998003862B0 = {
						CreatedOnToolsVersion = 10.0;
						TestTargetID = 88FD1675216C3997003862B0;
					};
					88FD169B216C3998003862B0 = {
						CreatedOnToolsVersion = 10.0;
						TestTargetID = 88FD1675216C3997003862B0;
					};
				};
			};
			buildConfigurationList = 88FD1671216C3996003862B0 /* Build configuration list for PBXProject "CoreDataDemo" */;
			compatibilityVersion = "Xcode 9.3";
			developmentRegion = en;
			hasScannedForEncodings = 0;
			knownRegions = (
				en,
				Base,
			);
			mainGroup = 88FD166D216C3996003862B0;
			productRefGroup = 88FD1677216C3997003862B0 /* Products */;
			projectDirPath = "";
			projectRoot = "";
			targets = (
				88FD1675216C3997003862B0 /* CoreDataDemo */,
				88FD1690216C3998003862B0 /* CoreDataDemoTests */,
				88FD169B216C3998003862B0 /* CoreDataDemoUITests */,
			);
		};
/* End PBXProject section */

/* Begin PBXResourcesBuildPhase section */
		88FD1674216C3997003862B0 /* Resources */ = {
			isa = PBXResourcesBuildPhase;
			buildActionMask = 2147483647;
			files = (
				88FD1689216C3998003862B0 /* LaunchScreen.storyboard in Resources */,
				88FD1686216C3998003862B0 /* Assets.xcassets in Resources */,
				88FD1681216C3997003862B0 /* Main.storyboard in Resources */,
			);
			runOnlyForDeploymentPostprocessing = 0;
		};
		88FD168F216C3998003862B0 /* Resources */ = {
			isa = PBXResourcesBuildPhase;
			buildActionMask = 2147483647;
			files = (
			);
			runOnlyForDeploymentPostprocessing = 0;
		};
		88FD169A216C3998003862B0 /* Resources */ = {
			isa = PBXResourcesBuildPhase;
			buildActionMask = 2147483647;
			files = (
			);
			runOnlyForDeploymentPostprocessing = 0;
		};
/* End PBXResourcesBuildPhase section */

/* Begin PBXSourcesBuildPhase section */
		88FD1672216C3997003862B0 /* Sources */ = {
			isa = PBXSourcesBuildPhase;
			buildActionMask = 2147483647;
			files = (
				88FD1706216C7B66003862B0 /* City+CoreDataProperties.m in Sources */,
				88FD1705216C7B66003862B0 /* City+CoreDataClass.m in Sources */,
				88FD167E216C3997003862B0 /* ViewController.m in Sources */,
				88FD1684216C3997003862B0 /* CoreDataDemo.xcdatamodeld in Sources */,
				88FD168C216C3998003862B0 /* main.m in Sources */,
				88FD167B216C3997003862B0 /* AppDelegate.m in Sources */,
			);
			runOnlyForDeploymentPostprocessing = 0;
		};
		88FD168D216C3998003862B0 /* Sources */ = {
			isa = PBXSourcesBuildPhase;
			buildActionMask = 2147483647;
			files = (
				88FD1696216C3998003862B0 /* CoreDataDemoTests.m in Sources */,
			);
			runOnlyForDeploymentPostprocessing = 0;
		};
		88FD1698216C3998003862B0 /* Sources */ = {
			isa = PBXSourcesBuildPhase;
			buildActionMask = 2147483647;
			files = (
				88FD16A1216C3998003862B0 /* CoreDataDemoUITests.m in Sources */,
			);
			runOnlyForDeploymentPostprocessing = 0;
		};
/* End PBXSourcesBuildPhase section */

/* Begin PBXTargetDependency section */
		88FD1693216C3998003862B0 /* PBXTargetDependency */ = {
			isa = PBXTargetDependency;
			target = 88FD1675216C3997003862B0 /* CoreDataDemo */;
			targetProxy = 88FD1692216C3998003862B0 /* PBXContainerItemProxy */;
		};
		88FD169E216C3998003862B0 /* PBXTargetDependency */ = {
			isa = PBXTargetDependency;
			target = 88FD1675216C3997003862B0 /* CoreDataDemo */;
			targetProxy = 88FD169D216C3998003862B0 /* PBXContainerItemProxy */;
		};
/* End PBXTargetDependency section */

/* Begin PBXVariantGroup section */
		88FD167F216C3997003862B0 /* Main.storyboard */ = {
			isa = PBXVariantGroup;
			children = (
				88FD1680216C3997003862B0 /* Base */,
			);
			name = Main.storyboard;
			sourceTree = "<group>";
		};
		88FD1687216C3998003862B0 /* LaunchScreen.storyboard */ = {
			isa = PBXVariantGroup;
			children = (
				88FD1688216C3998003862B0 /* Base */,
			);
			name = LaunchScreen.storyboard;
			sourceTree = "<group>";
		};
/* End PBXVariantGroup section */

/* Begin XCBuildConfiguration section */
		88FD16A3216C3998003862B0 /* Debug */ = {
			isa = XCBuildConfiguration;
			buildSettings = {
				ALWAYS_SEARCH_USER_PATHS = NO;
				CLANG_ANALYZER_NONNULL = YES;
				CLANG_ANALYZER_NUMBER_OBJECT_CONVERSION = YES_AGGRESSIVE;
				CLANG_CXX_LANGUAGE_STANDARD = "gnu++14";
				CLANG_CXX_LIBRARY = "libc++";
				CLANG_ENABLE_MODULES = YES;
				CLANG_ENABLE_OBJC_ARC = YES;
				CLANG_ENABLE_OBJC_WEAK = YES;
				CLANG_WARN_BLOCK_CAPTURE_AUTORELEASING = YES;
				CLANG_WARN_BOOL_CONVERSION = YES;
				CLANG_WARN_COMMA = YES;
				CLANG_WARN_CONSTANT_CONVERSION = YES;
				CLANG_WARN_DEPRECATED_OBJC_IMPLEMENTATIONS = YES;
				CLANG_WARN_DIRECT_OBJC_ISA_USAGE = YES_ERROR;
				CLANG_WARN_DOCUMENTATION_COMMENTS = YES;
				CLANG_WARN_EMPTY_BODY = YES;
				CLANG_WARN_ENUM_CONVERSION = YES;
				CLANG_WARN_INFINITE_RECURSION = YES;
				CLANG_WARN_INT_CONVERSION = YES;
				CLANG_WARN_NON_LITERAL_NULL_CONVERSION = YES;
				CLANG_WARN_OBJC_IMPLICIT_RETAIN_SELF = YES;
				CLANG_WARN_OBJC_LITERAL_CONVERSION = YES;
				CLANG_WARN_OBJC_ROOT_CLASS = YES_ERROR;
				CLANG_WARN_RANGE_LOOP_ANALYSIS = YES;
				CLANG_WARN_STRICT_PROTOTYPES = YES;
				CLANG_WARN_SUSPICIOUS_MOVE = YES;
				CLANG_WARN_UNGUARDED_AVAILABILITY = YES_AGGRESSIVE;
				CLANG_WARN_UNREACHABLE_CODE = YES;
				CLANG_WARN__DUPLICATE_METHOD_MATCH = YES;
				CODE_SIGN_IDENTITY = "iPhone Developer";
				COPY_PHASE_STRIP = NO;
				DEBUG_INFORMATION_FORMAT = dwarf;
				ENABLE_STRICT_OBJC_MSGSEND = YES;
				ENABLE_TESTABILITY = YES;
				GCC_C_LANGUAGE_STANDARD = gnu11;
				GCC_DYNAMIC_NO_PIC = NO;
				GCC_NO_COMMON_BLOCKS = YES;
				GCC_OPTIMIZATION_LEVEL = 0;
				GCC_PREPROCESSOR_DEFINITIONS = (
					"DEBUG=1",
					"$(inherited)",
				);
				GCC_WARN_64_TO_32_BIT_CONVERSION = YES;
				GCC_WARN_ABOUT_RETURN_TYPE = YES_ERROR;
				GCC_WARN_UNDECLARED_SELECTOR = YES;
				GCC_WARN_UNINITIALIZED_AUTOS = YES_AGGRESSIVE;
				GCC_WARN_UNUSED_FUNCTION = YES;
				GCC_WARN_UNUSED_VARIABLE = YES;
				IPHONEOS_DEPLOYMENT_TARGET = 8.2;
				MTL_ENABLE_DEBUG_INFO = INCLUDE_SOURCE;
				MTL_FAST_MATH = YES;
				ONLY_ACTIVE_ARCH = YES;
				SDKROOT = iphoneos;
			};
			name = Debug;
		};
		88FD16A4216C3998003862B0 /* Release */ = {
			isa = XCBuildConfiguration;
			buildSettings = {
				ALWAYS_SEARCH_USER_PATHS = NO;
				CLANG_ANALYZER_NONNULL = YES;
				CLANG_ANALYZER_NUMBER_OBJECT_CONVERSION = YES_AGGRESSIVE;
				CLANG_CXX_LANGUAGE_STANDARD = "gnu++14";
				CLANG_CXX_LIBRARY = "libc++";
				CLANG_ENABLE_MODULES = YES;
				CLANG_ENABLE_OBJC_ARC = YES;
				CLANG_ENABLE_OBJC_WEAK = YES;
				CLANG_WARN_BLOCK_CAPTURE_AUTORELEASING = YES;
				CLANG_WARN_BOOL_CONVERSION = YES;
				CLANG_WARN_COMMA = YES;
				CLANG_WARN_CONSTANT_CONVERSION = YES;
				CLANG_WARN_DEPRECATED_OBJC_IMPLEMENTATIONS = YES;
				CLANG_WARN_DIRECT_OBJC_ISA_USAGE = YES_ERROR;
				CLANG_WARN_DOCUMENTATION_COMMENTS = YES;
				CLANG_WARN_EMPTY_BODY = YES;
				CLANG_WARN_ENUM_CONVERSION = YES;
				CLANG_WARN_INFINITE_RECURSION = YES;
				CLANG_WARN_INT_CONVERSION = YES;
				CLANG_WARN_NON_LITERAL_NULL_CONVERSION = YES;
				CLANG_WARN_OBJC_IMPLICIT_RETAIN_SELF = YES;
				CLANG_WARN_OBJC_LITERAL_CONVERSION = YES;
				CLANG_WARN_OBJC_ROOT_CLASS = YES_ERROR;
				CLANG_WARN_RANGE_LOOP_ANALYSIS = YES;
				CLANG_WARN_STRICT_PROTOTYPES = YES;
				CLANG_WARN_SUSPICIOUS_MOVE = YES;
				CLANG_WARN_UNGUARDED_AVAILABILITY = YES_AGGRESSIVE;
				CLANG_WARN_UNREACHABLE_CODE = YES;
				CLANG_WARN__DUPLICATE_METHOD_MATCH = YES;
				CODE_SIGN_IDENTITY = "iPhone Developer";
				COPY_PHASE_STRIP = NO;
				DEBUG_INFORMATION_FORMAT = "dwarf-with-dsym";
				ENABLE_NS_ASSERTIONS = NO;
				ENABLE_STRICT_OBJC_MSGSEND = YES;
				GCC_C_LANGUAGE_STANDARD = gnu11;
				GCC_NO_COMMON_BLOCKS = YES;
				GCC_WARN_64_TO_32_BIT_CONVERSION = YES;
				GCC_WARN_ABOUT_RETURN_TYPE = YES_ERROR;
				GCC_WARN_UNDECLARED_SELECTOR = YES;
				GCC_WARN_UNINITIALIZED_AUTOS = YES_AGGRESSIVE;
				GCC_WARN_UNUSED_FUNCTION = YES;
				GCC_WARN_UNUSED_VARIABLE = YES;
				IPHONEOS_DEPLOYMENT_TARGET = 8.2;
				MTL_ENABLE_DEBUG_INFO = NO;
				MTL_FAST_MATH = YES;
				SDKROOT = iphoneos;
				VALIDATE_PRODUCT = YES;
			};
			name = Release;
		};
		88FD16A6216C3998003862B0 /* Debug */ = {
			isa = XCBuildConfiguration;
			buildSettings = {
				ASSETCATALOG_COMPILER_APPICON_NAME = AppIcon;
				CODE_SIGN_STYLE = Automatic;
				DEVELOPMENT_TEAM = LPSW9WPVDR;
				GCC_NO_COMMON_BLOCKS = YES;
				INFOPLIST_FILE = CoreDataDemo/Info.plist;
				LD_RUNPATH_SEARCH_PATHS = (
					"$(inherited)",
					"@executable_path/Frameworks",
				);
				PRODUCT_BUNDLE_IDENTIFIER = com.nbapi.testttt.CoreDataDemo;
				PRODUCT_NAME = "$(TARGET_NAME)";
				TARGETED_DEVICE_FAMILY = "1,2";
			};
			name = Debug;
		};
		88FD16A7216C3998003862B0 /* Release */ = {
			isa = XCBuildConfiguration;
			buildSettings = {
				ASSETCATALOG_COMPILER_APPICON_NAME = AppIcon;
				CODE_SIGN_STYLE = Automatic;
				DEVELOPMENT_TEAM = LPSW9WPVDR;
				GCC_NO_COMMON_BLOCKS = YES;
				INFOPLIST_FILE = CoreDataDemo/Info.plist;
				LD_RUNPATH_SEARCH_PATHS = (
					"$(inherited)",
					"@executable_path/Frameworks",
				);
				PRODUCT_BUNDLE_IDENTIFIER = com.nbapi.testttt.CoreDataDemo;
				PRODUCT_NAME = "$(TARGET_NAME)";
				TARGETED_DEVICE_FAMILY = "1,2";
			};
			name = Release;
		};
		88FD16A9216C3998003862B0 /* Debug */ = {
			isa = XCBuildConfiguration;
			buildSettings = {
				BUNDLE_LOADER = "$(TEST_HOST)";
				CODE_SIGN_STYLE = Automatic;
				INFOPLIST_FILE = CoreDataDemoTests/Info.plist;
				LD_RUNPATH_SEARCH_PATHS = (
					"$(inherited)",
					"@executable_path/Frameworks",
					"@loader_path/Frameworks",
				);
				PRODUCT_BUNDLE_IDENTIFIER = com.nbapi.testttt.CoreDataDemoTests;
				PRODUCT_NAME = "$(TARGET_NAME)";
				TARGETED_DEVICE_FAMILY = "1,2";
				TEST_HOST = "$(BUILT_PRODUCTS_DIR)/CoreDataDemo.app/CoreDataDemo";
			};
			name = Debug;
		};
		88FD16AA216C3998003862B0 /* Release */ = {
			isa = XCBuildConfiguration;
			buildSettings = {
				BUNDLE_LOADER = "$(TEST_HOST)";
				CODE_SIGN_STYLE = Automatic;
				INFOPLIST_FILE = CoreDataDemoTests/Info.plist;
				LD_RUNPATH_SEARCH_PATHS = (
					"$(inherited)",
					"@executable_path/Frameworks",
					"@loader_path/Frameworks",
				);
				PRODUCT_BUNDLE_IDENTIFIER = com.nbapi.testttt.CoreDataDemoTests;
				PRODUCT_NAME = "$(TARGET_NAME)";
				TARGETED_DEVICE_FAMILY = "1,2";
				TEST_HOST = "$(BUILT_PRODUCTS_DIR)/CoreDataDemo.app/CoreDataDemo";
			};
			name = Release;
		};
		88FD16AC216C3998003862B0 /* Debug */ = {
			isa = XCBuildConfiguration;
			buildSettings = {
				CODE_SIGN_STYLE = Automatic;
				INFOPLIST_FILE = CoreDataDemoUITests/Info.plist;
				LD_RUNPATH_SEARCH_PATHS = (
					"$(inherited)",
					"@executable_path/Frameworks",
					"@loader_path/Frameworks",
				);
				PRODUCT_BUNDLE_IDENTIFIER = com.nbapi.testttt.CoreDataDemoUITests;
				PRODUCT_NAME = "$(TARGET_NAME)";
				TARGETED_DEVICE_FAMILY = "1,2";
				TEST_TARGET_NAME = CoreDataDemo;
			};
			name = Debug;
		};
		88FD16AD216C3998003862B0 /* Release */ = {
			isa = XCBuildConfiguration;
			buildSettings = {
				CODE_SIGN_STYLE = Automatic;
				INFOPLIST_FILE = CoreDataDemoUITests/Info.plist;
				LD_RUNPATH_SEARCH_PATHS = (
					"$(inherited)",
					"@executable_path/Frameworks",
					"@loader_path/Frameworks",
				);
				PRODUCT_BUNDLE_IDENTIFIER = com.nbapi.testttt.CoreDataDemoUITests;
				PRODUCT_NAME = "$(TARGET_NAME)";
				TARGETED_DEVICE_FAMILY = "1,2";
				TEST_TARGET_NAME = CoreDataDemo;
			};
			name = Release;
		};
/* End XCBuildConfiguration section */

/* Begin XCConfigurationList section */
		88FD1671216C3996003862B0 /* Build configuration list for PBXProject "CoreDataDemo" */ = {
			isa = XCConfigurationList;
			buildConfigurations = (
				88FD16A3216C3998003862B0 /* Debug */,
				88FD16A4216C3998003862B0 /* Release */,
			);
			defaultConfigurationIsVisible = 0;
			defaultConfigurationName = Release;
		};
		88FD16A5216C3998003862B0 /* Build configuration list for PBXNativeTarget "CoreDataDemo" */ = {
			isa = XCConfigurationList;
			buildConfigurations = (
				88FD16A6216C3998003862B0 /* Debug */,
				88FD16A7216C3998003862B0 /* Release */,
			);
			defaultConfigurationIsVisible = 0;
			defaultConfigurationName = Release;
		};
		88FD16A8216C3998003862B0 /* Build configuration list for PBXNativeTarget "CoreDataDemoTests" */ = {
			isa = XCConfigurationList;
			buildConfigurations = (
				88FD16A9216C3998003862B0 /* Debug */,
				88FD16AA216C3998003862B0 /* Release */,
			);
			defaultConfigurationIsVisible = 0;
			defaultConfigurationName = Release;
		};
		88FD16AB216C3998003862B0 /* Build configuration list for PBXNativeTarget "CoreDataDemoUITests" */ = {
			isa = XCConfigurationList;
			buildConfigurations = (
				88FD16AC216C3998003862B0 /* Debug */,
				88FD16AD216C3998003862B0 /* Release */,
			);
			defaultConfigurationIsVisible = 0;
			defaultConfigurationName = Release;
		};
/* End XCConfigurationList section */

/* Begin XCVersionGroup section */
		88FD1682216C3997003862B0 /* CoreDataDemo.xcdatamodeld */ = {
			isa = XCVersionGroup;
			children = (
				88FD1683216C3997003862B0 /* CoreDataDemo.xcdatamodel */,
			);
			currentVersion = 88FD1683216C3997003862B0 /* CoreDataDemo.xcdatamodel */;
			path = CoreDataDemo.xcdatamodeld;
			sourceTree = "<group>";
			versionGroupType = wrapper.xcdatamodel;
		};
/* End XCVersionGroup section */
	};
	rootObject = 88FD166E216C3996003862B0 /* Project object */;
}
