// !$*UTF8*$!
{
	archiveVersion = 1;
	classes = {
	};
	objectVersion = 48;
	objects = {

/* Begin PBXBuildFile section */
		50F1E78A1FEFC792003D69DA /* AppDelegate.m in Sources */ = {isa = PBXBuildFile; fileRef = 50F1E7891FEFC792003D69DA /* AppDelegate.m */; };
		50F1E78D1FEFC792003D69DA /* ViewController.m in Sources */ = {isa = PBXBuildFile; fileRef = 50F1E78C1FEFC792003D69DA /* ViewController.m */; };
		50F1E7901FEFC792003D69DA /* Main.storyboard in Resources */ = {isa = PBXBuildFile; fileRef = 50F1E78E1FEFC792003D69DA /* Main.storyboard */; };
		50F1E7921FEFC792003D69DA /* Assets.xcassets in Resources */ = {isa = PBXBuildFile; fileRef = 50F1E7911FEFC792003D69DA /* Assets.xcassets */; };
		50F1E7951FEFC792003D69DA /* LaunchScreen.storyboard in Resources */ = {isa = PBXBuildFile; fileRef = 50F1E7931FEFC792003D69DA /* LaunchScreen.storyboard */; };
		50F1E7981FEFC792003D69DA /* main.m in Sources */ = {isa = PBXBuildFile; fileRef = 50F1E7971FEFC792003D69DA /* main.m */; };
/* End PBXBuildFile section */

/* Begin PBXFileReference section */
		50F1E7851FEFC792003D69DA /* ThredDemo.app */ = {isa = PBXFileReference; explicitFileType = wrapper.application; includeInIndex = 0; path = ThredDemo.app; sourceTree = BUILT_PRODUCTS_DIR; };
		50F1E7881FEFC792003D69DA /* AppDelegate.h */ = {isa = PBXFileReference; lastKnownFileType = sourcecode.c.h; path = AppDelegate.h; sourceTree = "<group>"; };
		50F1E7891FEFC792003D69DA /* AppDelegate.m */ = {isa = PBXFileReference; lastKnownFileType = sourcecode.c.objc; path = AppDelegate.m; sourceTree = "<group>"; };
		50F1E78B1FEFC792003D69DA /* ViewController.h */ = {isa = PBXFileReference; lastKnownFileType = sourcecode.c.h; path = ViewController.h; sourceTree = "<group>"; };
		50F1E78C1FEFC792003D69DA /* ViewController.m */ = {isa = PBXFileReference; lastKnownFileType = sourcecode.c.objc; path = ViewController.m; sourceTree = "<group>"; };
		50F1E78F1FEFC792003D69DA /* Base */ = {isa = PBXFileReference; lastKnownFileType = file.storyboard; name = Base; path = Base.lproj/Main.storyboard; sourceTree = "<group>"; };
		50F1E7911FEFC792003D69DA /* Assets.xcassets */ = {isa = PBXFileReference; lastKnownFileType = folder.assetcatalog; path = Assets.xcassets; sourceTree = "<group>"; };
		50F1E7941FEFC792003D69DA /* Base */ = {isa = PBXFileReference; lastKnownFileType = file.storyboard; name = Base; path = Base.lproj/LaunchScreen.storyboard; sourceTree = "<group>"; };
		50F1E7961FEFC792003D69DA /* Info.plist */ = {isa = PBXFileReference; lastKnownFileType = text.plist.xml; path = Info.plist; sourceTree = "<group>"; };
		50F1E7971FEFC792003D69DA /* main.m */ = {isa = PBXFileReference; lastKnownFileType = sourcecode.c.objc; path = main.m; sourceTree = "<group>"; };
/* End PBXFileReference section */

/* Begin PBXFrameworksBuildPhase section */
		50F1E7821FEFC792003D69DA /* Frameworks */ = {
			isa = PBXFrameworksBuildPhase;
			buildActionMask = 2147483647;
			files = (
			);
			runOnlyForDeploymentPostprocessing = 0;
		};
/* End PBXFrameworksBuildPhase section */

/* Begin PBXGroup section */
		50F1E77C1FEFC792003D69DA = {
			isa = PBXGroup;
			children = (
				50F1E7871FEFC792003D69DA /* ThredDemo */,
				50F1E7861FEFC792003D69DA /* Products */,
			);
			sourceTree = "<group>";
		};
		50F1E7861FEFC792003D69DA /* Products */ = {
			isa = PBXGroup;
			children = (
				50F1E7851FEFC792003D69DA /* ThredDemo.app */,
			);
			name = Products;
			sourceTree = "<group>";
		};
		50F1E7871FEFC792003D69DA /* ThredDemo */ = {
			isa = PBXGroup;
			children = (
				50F1E7881FEFC792003D69DA /* AppDelegate.h */,
				50F1E7891FEFC792003D69DA /* AppDelegate.m */,
				50F1E78B1FEFC792003D69DA /* ViewController.h */,
				50F1E78C1FEFC792003D69DA /* ViewController.m */,
				50F1E78E1FEFC792003D69DA /* Main.storyboard */,
				50F1E7911FEFC792003D69DA /* Assets.xcassets */,
				50F1E7931FEFC792003D69DA /* LaunchScreen.storyboard */,
				50F1E7961FEFC792003D69DA /* Info.plist */,
				50F1E7971FEFC792003D69DA /* main.m */,
			);
			path = ThredDemo;
			sourceTree = "<group>";
		};
/* End PBXGroup section */

/* Begin PBXNativeTarget section */
		50F1E7841FEFC792003D69DA /* ThredDemo */ = {
			isa = PBXNativeTarget;
			buildConfigurationList = 50F1E79B1FEFC792003D69DA /* Build configuration list for PBXNativeTarget "ThredDemo" */;
			buildPhases = (
				50F1E7811FEFC792003D69DA /* Sources */,
				50F1E7821FEFC792003D69DA /* Frameworks */,
				50F1E7831FEFC792003D69DA /* Resources */,
			);
			buildRules = (
			);
			dependencies = (
			);
			name = ThredDemo;
			productName = ThredDemo;
			productReference = 50F1E7851FEFC792003D69DA /* ThredDemo.app */;
			productType = "com.apple.product-type.application";
		};
/* End PBXNativeTarget section */

/* Begin PBXProject section */
		50F1E77D1FEFC792003D69DA /* Project object */ = {
			isa = PBXProject;
			attributes = {
				LastUpgradeCheck = 0910;
				ORGANIZATIONNAME = OneAlon;
				TargetAttributes = {
					50F1E7841FEFC792003D69DA = {
						CreatedOnToolsVersion = 9.1;
						ProvisioningStyle = Automatic;
					};
				};
			};
			buildConfigurationList = 50F1E7801FEFC792003D69DA /* Build configuration list for PBXProject "ThredDemo" */;
			compatibilityVersion = "Xcode 8.0";
			developmentRegion = en;
			hasScannedForEncodings = 0;
			knownRegions = (
				en,
				Base,
			);
			mainGroup = 50F1E77C1FEFC792003D69DA;
			productRefGroup = 50F1E7861FEFC792003D69DA /* Products */;
			projectDirPath = "";
			projectRoot = "";
			targets = (
				50F1E7841FEFC792003D69DA /* ThredDemo */,
			);
		};
/* End PBXProject section */

/* Begin PBXResourcesBuildPhase section */
		50F1E7831FEFC792003D69DA /* Resources */ = {
			isa = PBXResourcesBuildPhase;
			buildActionMask = 2147483647;
			files = (
				50F1E7951FEFC792003D69DA /* LaunchScreen.storyboard in Resources */,
				50F1E7921FEFC792003D69DA /* Assets.xcassets in Resources */,
				50F1E7901FEFC792003D69DA /* Main.storyboard in Resources */,
			);
			runOnlyForDeploymentPostprocessing = 0;
		};
/* End PBXResourcesBuildPhase section */

/* Begin PBXSourcesBuildPhase section */
		50F1E7811FEFC792003D69DA /* Sources */ = {
			isa = PBXSourcesBuildPhase;
			buildActionMask = 2147483647;
			files = (
				50F1E78D1FEFC792003D69DA /* ViewController.m in Sources */,
				50F1E7981FEFC792003D69DA /* main.m in Sources */,
				50F1E78A1FEFC792003D69DA /* AppDelegate.m in Sources */,
			);
			runOnlyForDeploymentPostprocessing = 0;
		};
/* End PBXSourcesBuildPhase section */

/* Begin PBXVariantGroup section */
		50F1E78E1FEFC792003D69DA /* Main.storyboard */ = {
			isa = PBXVariantGroup;
			children = (
				50F1E78F1FEFC792003D69DA /* Base */,
			);
			name = Main.storyboard;
			sourceTree = "<group>";
		};
		50F1E7931FEFC792003D69DA /* LaunchScreen.storyboard */ = {
			isa = PBXVariantGroup;
			children = (
				50F1E7941FEFC792003D69DA /* Base */,
			);
			name = LaunchScreen.storyboard;
			sourceTree = "<group>";
		};
/* End PBXVariantGroup section */

/* Begin XCBuildConfiguration section */
		50F1E7991FEFC792003D69DA /* Debug */ = {
			isa = XCBuildConfiguration;
			buildSettings = {
				ALWAYS_SEARCH_USER_PATHS = NO;
				CLANG_ANALYZER_NONNULL = YES;
				CLANG_ANALYZER_NUMBER_OBJECT_CONVERSION = YES_AGGRESSIVE;
				CLANG_CXX_LANGUAGE_STANDARD = "gnu++14";
				CLANG_CXX_LIBRARY = "libc++";
				CLANG_ENABLE_MODULES = YES;
				CLANG_ENABLE_OBJC_ARC = YES;
				CLANG_WARN_BLOCK_CAPTURE_AUTORELEASING = YES;
				CLANG_WARN_BOOL_CONVERSION = YES;
				CLANG_WARN_COMMA = YES;
				CLANG_WARN_CONSTANT_CONVERSION = YES;
				CLANG_WARN_DIRECT_OBJC_ISA_USAGE = YES_ERROR;
				CLANG_WARN_DOCUMENTATION_COMMENTS = YES;
				CLANG_WARN_EMPTY_BODY = YES;
				CLANG_WARN_ENUM_CONVERSION = YES;
				CLANG_WARN_INFINITE_RECURSION = YES;
				CLANG_WARN_INT_CONVERSION = YES;
				CLANG_WARN_NON_LITERAL_NULL_CONVERSION = YES;
				CLANG_WARN_OBJC_LITERAL_CONVERSION = YES;
				CLANG_WARN_OBJC_ROOT_CLASS = YES_ERROR;
				CLANG_WARN_RANGE_LOOP_ANALYSIS = YES;
				CLANG_WARN_STRICT_PROTOTYPES = YES;
				CLANG_WARN_SUSPICIOUS_MOVE = YES;
				CLANG_WARN_UNGUARDED_AVAILABILITY = YES_AGGRESSIVE;
				CLANG_WARN_UNREACHABLE_CODE = YES;
				CLANG_WARN__DUPLICATE_METHOD_MATCH = YES;
				CODE_SIGN_IDENTITY = "iPhone Developer";
				COPY_PHASE_STRIP = NO;
				DEBUG_INFORMATION_FORMAT = dwarf;
				ENABLE_STRICT_OBJC_MSGSEND = YES;
				ENABLE_TESTABILITY = YES;
				GCC_C_LANGUAGE_STANDARD = gnu11;
				GCC_DYNAMIC_NO_PIC = NO;
				GCC_NO_COMMON_BLOCKS = YES;
				GCC_OPTIMIZATION_LEVEL = 0;
				GCC_PREPROCESSOR_DEFINITIONS = (
					"DEBUG=1",
					"$(inherited)",
				);
				GCC_WARN_64_TO_32_BIT_CONVERSION = YES;
				GCC_WARN_ABOUT_RETURN_TYPE = YES_ERROR;
				GCC_WARN_UNDECLARED_SELECTOR = YES;
				GCC_WARN_UNINITIALIZED_AUTOS = YES_AGGRESSIVE;
				GCC_WARN_UNUSED_FUNCTION = YES;
				GCC_WARN_UNUSED_VARIABLE = YES;
				IPHONEOS_DEPLOYMENT_TARGET = 11.1;
				MTL_ENABLE_DEBUG_INFO = YES;
				ONLY_ACTIVE_ARCH = YES;
				SDKROOT = iphoneos;
			};
			name = Debug;
		};
		50F1E79A1FEFC792003D69DA /* Release */ = {
			isa = XCBuildConfiguration;
			buildSettings = {
				ALWAYS_SEARCH_USER_PATHS = NO;
				CLANG_ANALYZER_NONNULL = YES;
				CLANG_ANALYZER_NUMBER_OBJECT_CONVERSION = YES_AGGRESSIVE;
				CLANG_CXX_LANGUAGE_STANDARD = "gnu++14";
				CLANG_CXX_LIBRARY = "libc++";
				CLANG_ENABLE_MODULES = YES;
				CLANG_ENABLE_OBJC_ARC = YES;
				CLANG_WARN_BLOCK_CAPTURE_AUTORELEASING = YES;
				CLANG_WARN_BOOL_CONVERSION = YES;
				CLANG_WARN_COMMA = YES;
				CLANG_WARN_CONSTANT_CONVERSION = YES;
				CLANG_WARN_DIRECT_OBJC_ISA_USAGE = YES_ERROR;
				CLANG_WARN_DOCUMENTATION_COMMENTS = YES;
				CLANG_WARN_EMPTY_BODY = YES;
				CLANG_WARN_ENUM_CONVERSION = YES;
				CLANG_WARN_INFINITE_RECURSION = YES;
				CLANG_WARN_INT_CONVERSION = YES;
				CLANG_WARN_NON_LITERAL_NULL_CONVERSION = YES;
				CLANG_WARN_OBJC_LITERAL_CONVERSION = YES;
				CLANG_WARN_OBJC_ROOT_CLASS = YES_ERROR;
				CLANG_WARN_RANGE_LOOP_ANALYSIS = YES;
				CLANG_WARN_STRICT_PROTOTYPES = YES;
				CLANG_WARN_SUSPICIOUS_MOVE = YES;
				CLANG_WARN_UNGUARDED_AVAILABILITY = YES_AGGRESSIVE;
				CLANG_WARN_UNREACHABLE_CODE = YES;
				CLANG_WARN__DUPLICATE_METHOD_MATCH = YES;
				CODE_SIGN_IDENTITY = "iPhone Developer";
				COPY_PHASE_STRIP = NO;
				DEBUG_INFORMATION_FORMAT = "dwarf-with-dsym";
				ENABLE_NS_ASSERTIONS = NO;
				ENABLE_STRICT_OBJC_MSGSEND = YES;
				GCC_C_LANGUAGE_STANDARD = gnu11;
				GCC_NO_COMMON_BLOCKS = YES;
				GCC_WARN_64_TO_32_BIT_CONVERSION = YES;
				GCC_WARN_ABOUT_RETURN_TYPE = YES_ERROR;
				GCC_WARN_UNDECLARED_SELECTOR = YES;
				GCC_WARN_UNINITIALIZED_AUTOS = YES_AGGRESSIVE;
				GCC_WARN_UNUSED_FUNCTION = YES;
				GCC_WARN_UNUSED_VARIABLE = YES;
				IPHONEOS_DEPLOYMENT_TARGET = 11.1;
				MTL_ENABLE_DEBUG_INFO = NO;
				SDKROOT = iphoneos;
				VALIDATE_PRODUCT = YES;
			};
			name = Release;
		};
		50F1E79C1FEFC792003D69DA /* Debug */ = {
			isa = XCBuildConfiguration;
			buildSettings = {
				ASSETCATALOG_COMPILER_APPICON_NAME = AppIcon;
				CODE_SIGN_STYLE = Automatic;
				INFOPLIST_FILE = ThredDemo/Info.plist;
				LD_RUNPATH_SEARCH_PATHS = "$(inherited) @executable_path/Frameworks";
				PRODUCT_BUNDLE_IDENTIFIER = com.OneAlon.ThredDemo;
				PRODUCT_NAME = "$(TARGET_NAME)";
				TARGETED_DEVICE_FAMILY = "1,2";
			};
			name = Debug;
		};
		50F1E79D1FEFC792003D69DA /* Release */ = {
			isa = XCBuildConfiguration;
			buildSettings = {
				ASSETCATALOG_COMPILER_APPICON_NAME = AppIcon;
				CODE_SIGN_STYLE = Automatic;
				INFOPLIST_FILE = ThredDemo/Info.plist;
				LD_RUNPATH_SEARCH_PATHS = "$(inherited) @executable_path/Frameworks";
				PRODUCT_BUNDLE_IDENTIFIER = com.OneAlon.ThredDemo;
				PRODUCT_NAME = "$(TARGET_NAME)";
				TARGETED_DEVICE_FAMILY = "1,2";
			};
			name = Release;
		};
/* End XCBuildConfiguration section */

/* Begin XCConfigurationList section */
		50F1E7801FEFC792003D69DA /* Build configuration list for PBXProject "ThredDemo" */ = {
			isa = XCConfigurationList;
			buildConfigurations = (
				50F1E7991FEFC792003D69DA /* Debug */,
				50F1E79A1FEFC792003D69DA /* Release */,
			);
			defaultConfigurationIsVisible = 0;
			defaultConfigurationName = Release;
		};
		50F1E79B1FEFC792003D69DA /* Build configuration list for PBXNativeTarget "ThredDemo" */ = {
			isa = XCConfigurationList;
			buildConfigurations = (
				50F1E79C1FEFC792003D69DA /* Debug */,
				50F1E79D1FEFC792003D69DA /* Release */,
			);
			defaultConfigurationIsVisible = 0;
			defaultConfigurationName = Release;
		};
/* End XCConfigurationList section */
	};
	rootObject = 50F1E77D1FEFC792003D69DA /* Project object */;
}
